// !$*UTF8*$!
{
	archiveVersion = 1;
	classes = {
	};
	objectVersion = 60;
	objects = {

/* Begin PBXBuildFile section */
		A50DB9562C3002EA00AB5143 /* Monster.swift in Sources */ = {isa = PBXBuildFile; fileRef = A50DB9552C3002EA00AB5143 /* Monster.swift */; };
		A50DB9582C3002F200AB5143 /* Explosion.swift in Sources */ = {isa = PBXBuildFile; fileRef = A50DB9572C3002F200AB5143 /* Explosion.swift */; };
		A50DB95A2C305BA900AB5143 /* Star.swift in Sources */ = {isa = PBXBuildFile; fileRef = A50DB9592C305BA900AB5143 /* Star.swift */; };
		A51AE95D2C356C230064407A /* CurrentScore.swift in Sources */ = {isa = PBXBuildFile; fileRef = A51AE95C2C356C230064407A /* CurrentScore.swift */; };
		A57F95122C2820E100C5A4DC /* Ship_1_Bullets.swift in Sources */ = {isa = PBXBuildFile; fileRef = A57F95112C2820E100C5A4DC /* Ship_1_Bullets.swift */; };
		A587D69B2C25AFD600096F4B /* StarWarApp.swift in Sources */ = {isa = PBXBuildFile; fileRef = A587D69A2C25AFD600096F4B /* StarWarApp.swift */; };
		A587D69D2C25AFD600096F4B /* ContentView.swift in Sources */ = {isa = PBXBuildFile; fileRef = A587D69C2C25AFD600096F4B /* ContentView.swift */; };
		A587D69F2C25AFD700096F4B /* Assets.xcassets in Resources */ = {isa = PBXBuildFile; fileRef = A587D69E2C25AFD700096F4B /* Assets.xcassets */; };
		A587D6A22C25AFD700096F4B /* Preview Assets.xcassets in Resources */ = {isa = PBXBuildFile; fileRef = A587D6A12C25AFD700096F4B /* Preview Assets.xcassets */; };
		A598FAAF2C25BBF800EF9F16 /* Minecraft.ttf in Resources */ = {isa = PBXBuildFile; fileRef = A598FAAE2C25BBF800EF9F16 /* Minecraft.ttf */; };
		A59A9C022C29ADDB008409C1 /* Ship_2_Bullets.swift in Sources */ = {isa = PBXBuildFile; fileRef = A59A9C012C29ADDB008409C1 /* Ship_2_Bullets.swift */; };
		A59A9C042C29B82E008409C1 /* Ship_3_Bullets.swift in Sources */ = {isa = PBXBuildFile; fileRef = A59A9C032C29B82E008409C1 /* Ship_3_Bullets.swift */; };
		A59A9C062C29B91E008409C1 /* Ship_5_Bullets.swift in Sources */ = {isa = PBXBuildFile; fileRef = A59A9C052C29B91E008409C1 /* Ship_5_Bullets.swift */; };
		A59A9C082C29BA55008409C1 /* Ship_4_Bullets.swift in Sources */ = {isa = PBXBuildFile; fileRef = A59A9C072C29BA55008409C1 /* Ship_4_Bullets.swift */; };
		A5A3BEE82C29E7F000F16880 /* Ship_6_Bullets.swift in Sources */ = {isa = PBXBuildFile; fileRef = A5A3BEE72C29E7F000F16880 /* Ship_6_Bullets.swift */; };
		A5A3BEEB2C29EBF500F16880 /* Bullet.swift in Sources */ = {isa = PBXBuildFile; fileRef = A5A3BEEA2C29EBF500F16880 /* Bullet.swift */; };
		A5C810312C2DAC6B00FF2FFD /* MovingMonsters.swift in Sources */ = {isa = PBXBuildFile; fileRef = A5C810302C2DAC6B00FF2FFD /* MovingMonsters.swift */; };
		A5C810342C2DCE2500FF2FFD /* CGPoint+Extensions.swift in Sources */ = {isa = PBXBuildFile; fileRef = A5C810332C2DCE2500FF2FFD /* CGPoint+Extensions.swift */; };
		A5E12DBD2C3331E7008E92D8 /* HighScoreBanner.swift in Sources */ = {isa = PBXBuildFile; fileRef = A5E12DBC2C3331E7008E92D8 /* HighScoreBanner.swift */; };
		A5E12DC02C33339D008E92D8 /* InGameInfo.swift in Sources */ = {isa = PBXBuildFile; fileRef = A5E12DBF2C33339D008E92D8 /* InGameInfo.swift */; };
		A5E12DC32C3336BF008E92D8 /* MenuButtons.swift in Sources */ = {isa = PBXBuildFile; fileRef = A5E12DC22C3336BF008E92D8 /* MenuButtons.swift */; };
		A5E3AABF2C3194F9007D923F /* StarView.swift in Sources */ = {isa = PBXBuildFile; fileRef = A5E3AABE2C3194F9007D923F /* StarView.swift */; };
		A5E562A42C25C09C00908A3B /* Ship_1.swift in Sources */ = {isa = PBXBuildFile; fileRef = A5E562A32C25C08F00908A3B /* Ship_1.swift */; };
		A5E562AA2C25CB7E00908A3B /* AnimationManager.swift in Sources */ = {isa = PBXBuildFile; fileRef = A5E562A92C25CB4B00908A3B /* AnimationManager.swift */; };
		A5E562AC2C25CDDD00908A3B /* Ship_2.swift in Sources */ = {isa = PBXBuildFile; fileRef = A5E562AB2C25CDD900908A3B /* Ship_2.swift */; };
		A5E562AE2C25CECF00908A3B /* Ship_3.swift in Sources */ = {isa = PBXBuildFile; fileRef = A5E562AD2C25CECC00908A3B /* Ship_3.swift */; };
		A5E562B02C25CF0B00908A3B /* Ship_5.swift in Sources */ = {isa = PBXBuildFile; fileRef = A5E562AF2C25CF0800908A3B /* Ship_5.swift */; };
		A5E562B22C25CF6900908A3B /* Ship_4.swift in Sources */ = {isa = PBXBuildFile; fileRef = A5E562B12C25CF6300908A3B /* Ship_4.swift */; };
		A5E562B42C25CFB800908A3B /* Ship_6.swift in Sources */ = {isa = PBXBuildFile; fileRef = A5E562B32C25CFB500908A3B /* Ship_6.swift */; };
		A5E562B82C25D17D00908A3B /* Coin.swift in Sources */ = {isa = PBXBuildFile; fileRef = A5E562B72C25D17B00908A3B /* Coin.swift */; };
		A5E562BB2C25DA1400908A3B /* Explode.swift in Sources */ = {isa = PBXBuildFile; fileRef = A5E562BA2C25DA0F00908A3B /* Explode.swift */; };
		A5E562BF2C25DAC000908A3B /* Monster_1.swift in Sources */ = {isa = PBXBuildFile; fileRef = A5E562BE2C25DABA00908A3B /* Monster_1.swift */; };
		A5E562C12C25DB1C00908A3B /* Monster_2.swift in Sources */ = {isa = PBXBuildFile; fileRef = A5E562C02C25DB1800908A3B /* Monster_2.swift */; };
		A5E562C32C25DB3900908A3B /* Monster_3.swift in Sources */ = {isa = PBXBuildFile; fileRef = A5E562C22C25DB3600908A3B /* Monster_3.swift */; };
		A5E562C52C25DB5100908A3B /* Monster_4.swift in Sources */ = {isa = PBXBuildFile; fileRef = A5E562C42C25DB4E00908A3B /* Monster_4.swift */; };
		A5F7EA262C260E06000F3D41 /* Stars.swift in Sources */ = {isa = PBXBuildFile; fileRef = A5F7EA252C260E06000F3D41 /* Stars.swift */; };
/* End PBXBuildFile section */

/* Begin PBXFileReference section */
		A50DB9552C3002EA00AB5143 /* Monster.swift */ = {isa = PBXFileReference; lastKnownFileType = sourcecode.swift; path = Monster.swift; sourceTree = "<group>"; };
		A50DB9572C3002F200AB5143 /* Explosion.swift */ = {isa = PBXFileReference; lastKnownFileType = sourcecode.swift; path = Explosion.swift; sourceTree = "<group>"; };
		A50DB9592C305BA900AB5143 /* Star.swift */ = {isa = PBXFileReference; lastKnownFileType = sourcecode.swift; path = Star.swift; sourceTree = "<group>"; };
		A51AE95C2C356C230064407A /* CurrentScore.swift */ = {isa = PBXFileReference; lastKnownFileType = sourcecode.swift; path = CurrentScore.swift; sourceTree = "<group>"; };
		A57F95112C2820E100C5A4DC /* Ship_1_Bullets.swift */ = {isa = PBXFileReference; lastKnownFileType = sourcecode.swift; path = Ship_1_Bullets.swift; sourceTree = "<group>"; };
		A587D6972C25AFD600096F4B /* StarWar.app */ = {isa = PBXFileReference; explicitFileType = wrapper.application; includeInIndex = 0; path = StarWar.app; sourceTree = BUILT_PRODUCTS_DIR; };
		A587D69A2C25AFD600096F4B /* StarWarApp.swift */ = {isa = PBXFileReference; lastKnownFileType = sourcecode.swift; path = StarWarApp.swift; sourceTree = "<group>"; };
		A587D69C2C25AFD600096F4B /* ContentView.swift */ = {isa = PBXFileReference; lastKnownFileType = sourcecode.swift; path = ContentView.swift; sourceTree = "<group>"; };
		A587D69E2C25AFD700096F4B /* Assets.xcassets */ = {isa = PBXFileReference; lastKnownFileType = folder.assetcatalog; path = Assets.xcassets; sourceTree = "<group>"; };
		A587D6A12C25AFD700096F4B /* Preview Assets.xcassets */ = {isa = PBXFileReference; lastKnownFileType = folder.assetcatalog; path = "Preview Assets.xcassets"; sourceTree = "<group>"; };
		A598FAAE2C25BBF800EF9F16 /* Minecraft.ttf */ = {isa = PBXFileReference; lastKnownFileType = file; path = Minecraft.ttf; sourceTree = "<group>"; };
		A59A9C012C29ADDB008409C1 /* Ship_2_Bullets.swift */ = {isa = PBXFileReference; lastKnownFileType = sourcecode.swift; path = Ship_2_Bullets.swift; sourceTree = "<group>"; };
		A59A9C032C29B82E008409C1 /* Ship_3_Bullets.swift */ = {isa = PBXFileReference; lastKnownFileType = sourcecode.swift; path = Ship_3_Bullets.swift; sourceTree = "<group>"; };
		A59A9C052C29B91E008409C1 /* Ship_5_Bullets.swift */ = {isa = PBXFileReference; lastKnownFileType = sourcecode.swift; path = Ship_5_Bullets.swift; sourceTree = "<group>"; };
		A59A9C072C29BA55008409C1 /* Ship_4_Bullets.swift */ = {isa = PBXFileReference; lastKnownFileType = sourcecode.swift; path = Ship_4_Bullets.swift; sourceTree = "<group>"; };
		A5A3BEE72C29E7F000F16880 /* Ship_6_Bullets.swift */ = {isa = PBXFileReference; lastKnownFileType = sourcecode.swift; path = Ship_6_Bullets.swift; sourceTree = "<group>"; };
		A5A3BEEA2C29EBF500F16880 /* Bullet.swift */ = {isa = PBXFileReference; lastKnownFileType = sourcecode.swift; path = Bullet.swift; sourceTree = "<group>"; };
		A5C810302C2DAC6B00FF2FFD /* MovingMonsters.swift */ = {isa = PBXFileReference; lastKnownFileType = sourcecode.swift; path = MovingMonsters.swift; sourceTree = "<group>"; };
		A5C810332C2DCE2500FF2FFD /* CGPoint+Extensions.swift */ = {isa = PBXFileReference; lastKnownFileType = sourcecode.swift; path = "CGPoint+Extensions.swift"; sourceTree = "<group>"; };
		A5DAADF42C25BF38002E017E /* Info.plist */ = {isa = PBXFileReference; lastKnownFileType = text.plist.xml; path = Info.plist; sourceTree = "<group>"; };
		A5E12DBC2C3331E7008E92D8 /* HighScoreBanner.swift */ = {isa = PBXFileReference; lastKnownFileType = sourcecode.swift; path = HighScoreBanner.swift; sourceTree = "<group>"; };
		A5E12DBF2C33339D008E92D8 /* InGameInfo.swift */ = {isa = PBXFileReference; lastKnownFileType = sourcecode.swift; path = InGameInfo.swift; sourceTree = "<group>"; };
		A5E12DC22C3336BF008E92D8 /* MenuButtons.swift */ = {isa = PBXFileReference; lastKnownFileType = sourcecode.swift; path = MenuButtons.swift; sourceTree = "<group>"; };
		A5E3AABE2C3194F9007D923F /* StarView.swift */ = {isa = PBXFileReference; lastKnownFileType = sourcecode.swift; path = StarView.swift; sourceTree = "<group>"; };
		A5E562A32C25C08F00908A3B /* Ship_1.swift */ = {isa = PBXFileReference; lastKnownFileType = sourcecode.swift; path = Ship_1.swift; sourceTree = "<group>"; };
		A5E562A92C25CB4B00908A3B /* AnimationManager.swift */ = {isa = PBXFileReference; lastKnownFileType = sourcecode.swift; path = AnimationManager.swift; sourceTree = "<group>"; };
		A5E562AB2C25CDD900908A3B /* Ship_2.swift */ = {isa = PBXFileReference; lastKnownFileType = sourcecode.swift; path = Ship_2.swift; sourceTree = "<group>"; };
		A5E562AD2C25CECC00908A3B /* Ship_3.swift */ = {isa = PBXFileReference; lastKnownFileType = sourcecode.swift; path = Ship_3.swift; sourceTree = "<group>"; };
		A5E562AF2C25CF0800908A3B /* Ship_5.swift */ = {isa = PBXFileReference; lastKnownFileType = sourcecode.swift; path = Ship_5.swift; sourceTree = "<group>"; };
		A5E562B12C25CF6300908A3B /* Ship_4.swift */ = {isa = PBXFileReference; lastKnownFileType = sourcecode.swift; path = Ship_4.swift; sourceTree = "<group>"; };
		A5E562B32C25CFB500908A3B /* Ship_6.swift */ = {isa = PBXFileReference; lastKnownFileType = sourcecode.swift; path = Ship_6.swift; sourceTree = "<group>"; };
		A5E562B72C25D17B00908A3B /* Coin.swift */ = {isa = PBXFileReference; lastKnownFileType = sourcecode.swift; path = Coin.swift; sourceTree = "<group>"; };
		A5E562BA2C25DA0F00908A3B /* Explode.swift */ = {isa = PBXFileReference; lastKnownFileType = sourcecode.swift; path = Explode.swift; sourceTree = "<group>"; };
		A5E562BE2C25DABA00908A3B /* Monster_1.swift */ = {isa = PBXFileReference; lastKnownFileType = sourcecode.swift; path = Monster_1.swift; sourceTree = "<group>"; };
		A5E562C02C25DB1800908A3B /* Monster_2.swift */ = {isa = PBXFileReference; lastKnownFileType = sourcecode.swift; path = Monster_2.swift; sourceTree = "<group>"; };
		A5E562C22C25DB3600908A3B /* Monster_3.swift */ = {isa = PBXFileReference; lastKnownFileType = sourcecode.swift; path = Monster_3.swift; sourceTree = "<group>"; };
		A5E562C42C25DB4E00908A3B /* Monster_4.swift */ = {isa = PBXFileReference; lastKnownFileType = sourcecode.swift; path = Monster_4.swift; sourceTree = "<group>"; };
		A5F7EA252C260E06000F3D41 /* Stars.swift */ = {isa = PBXFileReference; lastKnownFileType = sourcecode.swift; path = Stars.swift; sourceTree = "<group>"; };
/* End PBXFileReference section */

/* Begin PBXFrameworksBuildPhase section */
		A587D6942C25AFD600096F4B /* Frameworks */ = {
			isa = PBXFrameworksBuildPhase;
			buildActionMask = 2147483647;
			files = (
			);
			runOnlyForDeploymentPostprocessing = 0;
		};
/* End PBXFrameworksBuildPhase section */

/* Begin PBXGroup section */
		A51AE95B2C356C160064407A /* Current Score */ = {
			isa = PBXGroup;
			children = (
				A51AE95C2C356C230064407A /* CurrentScore.swift */,
			);
			path = "Current Score";
			sourceTree = "<group>";
		};
		A5551E542C25B83A00A7309C /* Fonts */ = {
			isa = PBXGroup;
			children = (
				A598FAAE2C25BBF800EF9F16 /* Minecraft.ttf */,
			);
			path = Fonts;
			sourceTree = "<group>";
		};
		A57F95102C2820CD00C5A4DC /* Bullets */ = {
			isa = PBXGroup;
			children = (
				A57F95112C2820E100C5A4DC /* Ship_1_Bullets.swift */,
				A59A9C012C29ADDB008409C1 /* Ship_2_Bullets.swift */,
				A59A9C032C29B82E008409C1 /* Ship_3_Bullets.swift */,
				A59A9C072C29BA55008409C1 /* Ship_4_Bullets.swift */,
				A59A9C052C29B91E008409C1 /* Ship_5_Bullets.swift */,
				A5A3BEE72C29E7F000F16880 /* Ship_6_Bullets.swift */,
			);
			path = Bullets;
			sourceTree = "<group>";
		};
		A587D68E2C25AFD600096F4B = {
			isa = PBXGroup;
			children = (
				A587D6992C25AFD600096F4B /* StarWar */,
				A587D6982C25AFD600096F4B /* Products */,
			);
			sourceTree = "<group>";
		};
		A587D6982C25AFD600096F4B /* Products */ = {
			isa = PBXGroup;
			children = (
				A587D6972C25AFD600096F4B /* StarWar.app */,
			);
			name = Products;
			sourceTree = "<group>";
		};
		A587D6992C25AFD600096F4B /* StarWar */ = {
			isa = PBXGroup;
			children = (
				A587D69A2C25AFD600096F4B /* StarWarApp.swift */,
				A587D69C2C25AFD600096F4B /* ContentView.swift */,
				A5E562A12C25C07100908A3B /* Core */,
				A587D6A82C25B42300096F4B /* Resources */,
				A587D6A02C25AFD700096F4B /* Preview Content */,
			);
			path = StarWar;
			sourceTree = "<group>";
		};
		A587D6A02C25AFD700096F4B /* Preview Content */ = {
			isa = PBXGroup;
			children = (
				A587D6A12C25AFD700096F4B /* Preview Assets.xcassets */,
			);
			path = "Preview Content";
			sourceTree = "<group>";
		};
		A587D6A82C25B42300096F4B /* Resources */ = {
			isa = PBXGroup;
			children = (
				A5551E542C25B83A00A7309C /* Fonts */,
				A587D69E2C25AFD700096F4B /* Assets.xcassets */,
				A5DAADF42C25BF38002E017E /* Info.plist */,
			);
			path = Resources;
			sourceTree = "<group>";
		};
		A5A3BEE92C29EBDF00F16880 /* Models */ = {
			isa = PBXGroup;
			children = (
				A5A3BEEA2C29EBF500F16880 /* Bullet.swift */,
				A50DB9572C3002F200AB5143 /* Explosion.swift */,
				A50DB9552C3002EA00AB5143 /* Monster.swift */,
				A50DB9592C305BA900AB5143 /* Star.swift */,
			);
			path = Models;
			sourceTree = "<group>";
		};
		A5C810322C2DCE1500FF2FFD /* Extensions */ = {
			isa = PBXGroup;
			children = (
				A5C810332C2DCE2500FF2FFD /* CGPoint+Extensions.swift */,
			);
			path = Extensions;
			sourceTree = "<group>";
		};
		A5E12DBB2C3331D7008E92D8 /* HighScoreBanner */ = {
			isa = PBXGroup;
			children = (
				A5E12DBC2C3331E7008E92D8 /* HighScoreBanner.swift */,
			);
			path = HighScoreBanner;
			sourceTree = "<group>";
		};
		A5E12DBE2C33338E008E92D8 /* InGameInfo */ = {
			isa = PBXGroup;
			children = (
				A5E12DBF2C33339D008E92D8 /* InGameInfo.swift */,
			);
			path = InGameInfo;
			sourceTree = "<group>";
		};
		A5E12DC12C3336B5008E92D8 /* MenuButtons */ = {
			isa = PBXGroup;
			children = (
				A5E12DC22C3336BF008E92D8 /* MenuButtons.swift */,
			);
			path = MenuButtons;
			sourceTree = "<group>";
		};
		A5E562A12C25C07100908A3B /* Core */ = {
			isa = PBXGroup;
			children = (
				A5C810322C2DCE1500FF2FFD /* Extensions */,
				A5E562A82C25CB3800908A3B /* Managers */,
				A5A3BEE92C29EBDF00F16880 /* Models */,
				A5E562A22C25C07500908A3B /* Views */,
			);
			path = Core;
			sourceTree = "<group>";
		};
		A5E562A22C25C07500908A3B /* Views */ = {
			isa = PBXGroup;
			children = (
				A57F95102C2820CD00C5A4DC /* Bullets */,
				A5E562B62C25D16E00908A3B /* Coin */,
				A51AE95B2C356C160064407A /* Current Score */,
				A5E562B92C25DA0000908A3B /* Explode */,
				A5E12DBB2C3331D7008E92D8 /* HighScoreBanner */,
				A5E12DBE2C33338E008E92D8 /* InGameInfo */,
				A5E12DC12C3336B5008E92D8 /* MenuButtons */,
				A5E562BC2C25DAA900908A3B /* Monsters */,
				A5E562B52C25D0D100908A3B /* Ships */,
				A5F7EA242C260DF5000F3D41 /* Stars */,
			);
			path = Views;
			sourceTree = "<group>";
		};
		A5E562A82C25CB3800908A3B /* Managers */ = {
			isa = PBXGroup;
			children = (
				A5E562A92C25CB4B00908A3B /* AnimationManager.swift */,
			);
			path = Managers;
			sourceTree = "<group>";
		};
		A5E562B52C25D0D100908A3B /* Ships */ = {
			isa = PBXGroup;
			children = (
				A5E562A32C25C08F00908A3B /* Ship_1.swift */,
				A5E562AB2C25CDD900908A3B /* Ship_2.swift */,
				A5E562AD2C25CECC00908A3B /* Ship_3.swift */,
				A5E562B12C25CF6300908A3B /* Ship_4.swift */,
				A5E562AF2C25CF0800908A3B /* Ship_5.swift */,
				A5E562B32C25CFB500908A3B /* Ship_6.swift */,
			);
			path = Ships;
			sourceTree = "<group>";
		};
		A5E562B62C25D16E00908A3B /* Coin */ = {
			isa = PBXGroup;
			children = (
				A5E562B72C25D17B00908A3B /* Coin.swift */,
			);
			path = Coin;
			sourceTree = "<group>";
		};
		A5E562B92C25DA0000908A3B /* Explode */ = {
			isa = PBXGroup;
			children = (
				A5E562BA2C25DA0F00908A3B /* Explode.swift */,
			);
			path = Explode;
			sourceTree = "<group>";
		};
		A5E562BC2C25DAA900908A3B /* Monsters */ = {
			isa = PBXGroup;
			children = (
				A5E562BE2C25DABA00908A3B /* Monster_1.swift */,
				A5E562C02C25DB1800908A3B /* Monster_2.swift */,
				A5E562C22C25DB3600908A3B /* Monster_3.swift */,
				A5E562C42C25DB4E00908A3B /* Monster_4.swift */,
				A5C810302C2DAC6B00FF2FFD /* MovingMonsters.swift */,
			);
			path = Monsters;
			sourceTree = "<group>";
		};
		A5F7EA242C260DF5000F3D41 /* Stars */ = {
			isa = PBXGroup;
			children = (
				A5F7EA252C260E06000F3D41 /* Stars.swift */,
				A5E3AABE2C3194F9007D923F /* StarView.swift */,
			);
			path = Stars;
			sourceTree = "<group>";
		};
/* End PBXGroup section */

/* Begin PBXNativeTarget section */
		A587D6962C25AFD600096F4B /* StarWar */ = {
			isa = PBXNativeTarget;
			buildConfigurationList = A587D6A52C25AFD700096F4B /* Build configuration list for PBXNativeTarget "StarWar" */;
			buildPhases = (
				A587D6932C25AFD600096F4B /* Sources */,
				A587D6942C25AFD600096F4B /* Frameworks */,
				A587D6952C25AFD600096F4B /* Resources */,
			);
			buildRules = (
			);
			dependencies = (
			);
			name = StarWar;
			packageProductDependencies = (
			);
			productName = StarWar;
			productReference = A587D6972C25AFD600096F4B /* StarWar.app */;
			productType = "com.apple.product-type.application";
		};
/* End PBXNativeTarget section */

/* Begin PBXProject section */
		A587D68F2C25AFD600096F4B /* Project object */ = {
			isa = PBXProject;
			attributes = {
				BuildIndependentTargetsInParallel = 1;
				LastSwiftUpdateCheck = 1600;
				LastUpgradeCheck = 1600;
				TargetAttributes = {
					A587D6962C25AFD600096F4B = {
						CreatedOnToolsVersion = 16.0;
					};
				};
			};
			buildConfigurationList = A587D6922C25AFD600096F4B /* Build configuration list for PBXProject "StarWar" */;
			compatibilityVersion = "Xcode 15.0";
			developmentRegion = en;
			hasScannedForEncodings = 0;
			knownRegions = (
				en,
				Base,
			);
			mainGroup = A587D68E2C25AFD600096F4B;
			packageReferences = (
			);
			productRefGroup = A587D6982C25AFD600096F4B /* Products */;
			projectDirPath = "";
			projectRoot = "";
			targets = (
				A587D6962C25AFD600096F4B /* StarWar */,
			);
		};
/* End PBXProject section */

/* Begin PBXResourcesBuildPhase section */
		A587D6952C25AFD600096F4B /* Resources */ = {
			isa = PBXResourcesBuildPhase;
			buildActionMask = 2147483647;
			files = (
				A598FAAF2C25BBF800EF9F16 /* Minecraft.ttf in Resources */,
				A587D6A22C25AFD700096F4B /* Preview Assets.xcassets in Resources */,
				A587D69F2C25AFD700096F4B /* Assets.xcassets in Resources */,
			);
			runOnlyForDeploymentPostprocessing = 0;
		};
/* End PBXResourcesBuildPhase section */

/* Begin PBXSourcesBuildPhase section */
		A587D6932C25AFD600096F4B /* Sources */ = {
			isa = PBXSourcesBuildPhase;
			buildActionMask = 2147483647;
			files = (
				A59A9C062C29B91E008409C1 /* Ship_5_Bullets.swift in Sources */,
				A5E562BB2C25DA1400908A3B /* Explode.swift in Sources */,
				A5E562AA2C25CB7E00908A3B /* AnimationManager.swift in Sources */,
				A51AE95D2C356C230064407A /* CurrentScore.swift in Sources */,
				A50DB95A2C305BA900AB5143 /* Star.swift in Sources */,
				A5E562A42C25C09C00908A3B /* Ship_1.swift in Sources */,
				A50DB9582C3002F200AB5143 /* Explosion.swift in Sources */,
				A5F7EA262C260E06000F3D41 /* Stars.swift in Sources */,
				A59A9C022C29ADDB008409C1 /* Ship_2_Bullets.swift in Sources */,
				A5C810342C2DCE2500FF2FFD /* CGPoint+Extensions.swift in Sources */,
				A57F95122C2820E100C5A4DC /* Ship_1_Bullets.swift in Sources */,
				A5E562B42C25CFB800908A3B /* Ship_6.swift in Sources */,
				A5E562B02C25CF0B00908A3B /* Ship_5.swift in Sources */,
				A5E12DBD2C3331E7008E92D8 /* HighScoreBanner.swift in Sources */,
				A5E12DC02C33339D008E92D8 /* InGameInfo.swift in Sources */,
				A59A9C082C29BA55008409C1 /* Ship_4_Bullets.swift in Sources */,
				A5C810312C2DAC6B00FF2FFD /* MovingMonsters.swift in Sources */,
				A50DB9562C3002EA00AB5143 /* Monster.swift in Sources */,
				A587D69D2C25AFD600096F4B /* ContentView.swift in Sources */,
				A5E562BF2C25DAC000908A3B /* Monster_1.swift in Sources */,
				A5E3AABF2C3194F9007D923F /* StarView.swift in Sources */,
				A5E562C12C25DB1C00908A3B /* Monster_2.swift in Sources */,
				A5E562AC2C25CDDD00908A3B /* Ship_2.swift in Sources */,
				A587D69B2C25AFD600096F4B /* StarWarApp.swift in Sources */,
				A5E562C52C25DB5100908A3B /* Monster_4.swift in Sources */,
				A5E562AE2C25CECF00908A3B /* Ship_3.swift in Sources */,
				A5E562B82C25D17D00908A3B /* Coin.swift in Sources */,
				A5E12DC32C3336BF008E92D8 /* MenuButtons.swift in Sources */,
				A5A3BEEB2C29EBF500F16880 /* Bullet.swift in Sources */,
				A5E562C32C25DB3900908A3B /* Monster_3.swift in Sources */,
				A59A9C042C29B82E008409C1 /* Ship_3_Bullets.swift in Sources */,
				A5A3BEE82C29E7F000F16880 /* Ship_6_Bullets.swift in Sources */,
				A5E562B22C25CF6900908A3B /* Ship_4.swift in Sources */,
			);
			runOnlyForDeploymentPostprocessing = 0;
		};
/* End PBXSourcesBuildPhase section */

/* Begin XCBuildConfiguration section */
		A587D6A32C25AFD700096F4B /* Debug */ = {
			isa = XCBuildConfiguration;
			buildSettings = {
				ALWAYS_SEARCH_USER_PATHS = NO;
				ASSETCATALOG_COMPILER_GENERATE_SWIFT_ASSET_SYMBOL_EXTENSIONS = YES;
				CLANG_ANALYZER_NONNULL = YES;
				CLANG_ANALYZER_NUMBER_OBJECT_CONVERSION = YES_AGGRESSIVE;
				CLANG_CXX_LANGUAGE_STANDARD = "gnu++20";
				CLANG_ENABLE_MODULES = YES;
				CLANG_ENABLE_OBJC_ARC = YES;
				CLANG_ENABLE_OBJC_WEAK = YES;
				CLANG_WARN_BLOCK_CAPTURE_AUTORELEASING = YES;
				CLANG_WARN_BOOL_CONVERSION = YES;
				CLANG_WARN_COMMA = YES;
				CLANG_WARN_CONSTANT_CONVERSION = YES;
				CLANG_WARN_DEPRECATED_OBJC_IMPLEMENTATIONS = YES;
				CLANG_WARN_DIRECT_OBJC_ISA_USAGE = YES_ERROR;
				CLANG_WARN_DOCUMENTATION_COMMENTS = YES;
				CLANG_WARN_EMPTY_BODY = YES;
				CLANG_WARN_ENUM_CONVERSION = YES;
				CLANG_WARN_INFINITE_RECURSION = YES;
				CLANG_WARN_INT_CONVERSION = YES;
				CLANG_WARN_NON_LITERAL_NULL_CONVERSION = YES;
				CLANG_WARN_OBJC_IMPLICIT_RETAIN_SELF = YES;
				CLANG_WARN_OBJC_LITERAL_CONVERSION = YES;
				CLANG_WARN_OBJC_ROOT_CLASS = YES_ERROR;
				CLANG_WARN_QUOTED_INCLUDE_IN_FRAMEWORK_HEADER = YES;
				CLANG_WARN_RANGE_LOOP_ANALYSIS = YES;
				CLANG_WARN_STRICT_PROTOTYPES = YES;
				CLANG_WARN_SUSPICIOUS_MOVE = YES;
				CLANG_WARN_UNGUARDED_AVAILABILITY = YES_AGGRESSIVE;
				CLANG_WARN_UNREACHABLE_CODE = YES;
				CLANG_WARN__DUPLICATE_METHOD_MATCH = YES;
				COPY_PHASE_STRIP = NO;
				DEBUG_INFORMATION_FORMAT = dwarf;
				ENABLE_STRICT_OBJC_MSGSEND = YES;
				ENABLE_TESTABILITY = YES;
				ENABLE_USER_SCRIPT_SANDBOXING = YES;
				GCC_C_LANGUAGE_STANDARD = gnu17;
				GCC_DYNAMIC_NO_PIC = NO;
				GCC_NO_COMMON_BLOCKS = YES;
				GCC_OPTIMIZATION_LEVEL = 0;
				GCC_PREPROCESSOR_DEFINITIONS = (
					"DEBUG=1",
					"$(inherited)",
				);
				GCC_WARN_64_TO_32_BIT_CONVERSION = YES;
				GCC_WARN_ABOUT_RETURN_TYPE = YES_ERROR;
				GCC_WARN_UNDECLARED_SELECTOR = YES;
				GCC_WARN_UNINITIALIZED_AUTOS = YES_AGGRESSIVE;
				GCC_WARN_UNUSED_FUNCTION = YES;
				GCC_WARN_UNUSED_VARIABLE = YES;
				IPHONEOS_DEPLOYMENT_TARGET = 17.0;
				LOCALIZATION_PREFERS_STRING_CATALOGS = YES;
				MTL_ENABLE_DEBUG_INFO = INCLUDE_SOURCE;
				MTL_FAST_MATH = YES;
				ONLY_ACTIVE_ARCH = YES;
				SDKROOT = iphoneos;
				SWIFT_ACTIVE_COMPILATION_CONDITIONS = "DEBUG $(inherited)";
				SWIFT_OPTIMIZATION_LEVEL = "-Onone";
			};
			name = Debug;
		};
		A587D6A42C25AFD700096F4B /* Release */ = {
			isa = XCBuildConfiguration;
			buildSettings = {
				ALWAYS_SEARCH_USER_PATHS = NO;
				ASSETCATALOG_COMPILER_GENERATE_SWIFT_ASSET_SYMBOL_EXTENSIONS = YES;
				CLANG_ANALYZER_NONNULL = YES;
				CLANG_ANALYZER_NUMBER_OBJECT_CONVERSION = YES_AGGRESSIVE;
				CLANG_CXX_LANGUAGE_STANDARD = "gnu++20";
				CLANG_ENABLE_MODULES = YES;
				CLANG_ENABLE_OBJC_ARC = YES;
				CLANG_ENABLE_OBJC_WEAK = YES;
				CLANG_WARN_BLOCK_CAPTURE_AUTORELEASING = YES;
				CLANG_WARN_BOOL_CONVERSION = YES;
				CLANG_WARN_COMMA = YES;
				CLANG_WARN_CONSTANT_CONVERSION = YES;
				CLANG_WARN_DEPRECATED_OBJC_IMPLEMENTATIONS = YES;
				CLANG_WARN_DIRECT_OBJC_ISA_USAGE = YES_ERROR;
				CLANG_WARN_DOCUMENTATION_COMMENTS = YES;
				CLANG_WARN_EMPTY_BODY = YES;
				CLANG_WARN_ENUM_CONVERSION = YES;
				CLANG_WARN_INFINITE_RECURSION = YES;
				CLANG_WARN_INT_CONVERSION = YES;
				CLANG_WARN_NON_LITERAL_NULL_CONVERSION = YES;
				CLANG_WARN_OBJC_IMPLICIT_RETAIN_SELF = YES;
				CLANG_WARN_OBJC_LITERAL_CONVERSION = YES;
				CLANG_WARN_OBJC_ROOT_CLASS = YES_ERROR;
				CLANG_WARN_QUOTED_INCLUDE_IN_FRAMEWORK_HEADER = YES;
				CLANG_WARN_RANGE_LOOP_ANALYSIS = YES;
				CLANG_WARN_STRICT_PROTOTYPES = YES;
				CLANG_WARN_SUSPICIOUS_MOVE = YES;
				CLANG_WARN_UNGUARDED_AVAILABILITY = YES_AGGRESSIVE;
				CLANG_WARN_UNREACHABLE_CODE = YES;
				CLANG_WARN__DUPLICATE_METHOD_MATCH = YES;
				COPY_PHASE_STRIP = NO;
				DEBUG_INFORMATION_FORMAT = "dwarf-with-dsym";
				ENABLE_NS_ASSERTIONS = NO;
				ENABLE_STRICT_OBJC_MSGSEND = YES;
				ENABLE_USER_SCRIPT_SANDBOXING = YES;
				GCC_C_LANGUAGE_STANDARD = gnu17;
				GCC_NO_COMMON_BLOCKS = YES;
				GCC_WARN_64_TO_32_BIT_CONVERSION = YES;
				GCC_WARN_ABOUT_RETURN_TYPE = YES_ERROR;
				GCC_WARN_UNDECLARED_SELECTOR = YES;
				GCC_WARN_UNINITIALIZED_AUTOS = YES_AGGRESSIVE;
				GCC_WARN_UNUSED_FUNCTION = YES;
				GCC_WARN_UNUSED_VARIABLE = YES;
				IPHONEOS_DEPLOYMENT_TARGET = 17.0;
				LOCALIZATION_PREFERS_STRING_CATALOGS = YES;
				MTL_ENABLE_DEBUG_INFO = NO;
				MTL_FAST_MATH = YES;
				SDKROOT = iphoneos;
				SWIFT_COMPILATION_MODE = wholemodule;
				VALIDATE_PRODUCT = YES;
			};
			name = Release;
		};
		A587D6A62C25AFD700096F4B /* Debug */ = {
			isa = XCBuildConfiguration;
			buildSettings = {
				ASSETCATALOG_COMPILER_APPICON_NAME = AppIcon;
				ASSETCATALOG_COMPILER_GLOBAL_ACCENT_COLOR_NAME = AccentColor;
				CODE_SIGN_STYLE = Automatic;
				CURRENT_PROJECT_VERSION = 1;
				DEVELOPMENT_ASSET_PATHS = "\"StarWar/Preview Content\"";
				DEVELOPMENT_TEAM = NW6K64987Z;
				ENABLE_PREVIEWS = YES;
				GENERATE_INFOPLIST_FILE = YES;
				INFOPLIST_FILE = StarWar/Resources/Info.plist;
				INFOPLIST_KEY_LSApplicationCategoryType = "public.app-category.action-games";
				INFOPLIST_KEY_UIApplicationSceneManifest_Generation = YES;
				INFOPLIST_KEY_UIApplicationSupportsIndirectInputEvents = YES;
				INFOPLIST_KEY_UILaunchScreen_Generation = YES;
				INFOPLIST_KEY_UISupportedInterfaceOrientations = UIInterfaceOrientationPortrait;
				IPHONEOS_DEPLOYMENT_TARGET = 17.0;
				LD_RUNPATH_SEARCH_PATHS = (
					"$(inherited)",
					"@executable_path/Frameworks",
				);
				MARKETING_VERSION = 1.0.0;
				PRODUCT_BUNDLE_IDENTIFIER = ge.k.starWar;
				PRODUCT_NAME = "$(TARGET_NAME)";
				SUPPORTED_PLATFORMS = "iphoneos iphonesimulator";
				SUPPORTS_MACCATALYST = NO;
				SUPPORTS_XR_DESIGNED_FOR_IPHONE_IPAD = NO;
				SWIFT_EMIT_LOC_STRINGS = YES;
				SWIFT_VERSION = 5.0;
				TARGETED_DEVICE_FAMILY = "1,2";
			};
			name = Debug;
		};
		A587D6A72C25AFD700096F4B /* Release */ = {
			isa = XCBuildConfiguration;
			buildSettings = {
				ASSETCATALOG_COMPILER_APPICON_NAME = AppIcon;
				ASSETCATALOG_COMPILER_GLOBAL_ACCENT_COLOR_NAME = AccentColor;
				CODE_SIGN_STYLE = Automatic;
				CURRENT_PROJECT_VERSION = 1;
				DEVELOPMENT_ASSET_PATHS = "\"StarWar/Preview Content\"";
				DEVELOPMENT_TEAM = NW6K64987Z;
				ENABLE_PREVIEWS = YES;
				GENERATE_INFOPLIST_FILE = YES;
				INFOPLIST_FILE = StarWar/Resources/Info.plist;
				INFOPLIST_KEY_LSApplicationCategoryType = "public.app-category.action-games";
				INFOPLIST_KEY_UIApplicationSceneManifest_Generation = YES;
				INFOPLIST_KEY_UIApplicationSupportsIndirectInputEvents = YES;
				INFOPLIST_KEY_UILaunchScreen_Generation = YES;
				INFOPLIST_KEY_UISupportedInterfaceOrientations = UIInterfaceOrientationPortrait;
				IPHONEOS_DEPLOYMENT_TARGET = 17.0;
				LD_RUNPATH_SEARCH_PATHS = (
					"$(inherited)",
					"@executable_path/Frameworks",
				);
				MARKETING_VERSION = 1.0.0;
				PRODUCT_BUNDLE_IDENTIFIER = ge.k.starWar;
				PRODUCT_NAME = "$(TARGET_NAME)";
				SUPPORTED_PLATFORMS = "iphoneos iphonesimulator";
				SUPPORTS_MACCATALYST = NO;
				SUPPORTS_XR_DESIGNED_FOR_IPHONE_IPAD = NO;
				SWIFT_EMIT_LOC_STRINGS = YES;
				SWIFT_VERSION = 5.0;
				TARGETED_DEVICE_FAMILY = "1,2";
			};
			name = Release;
		};
/* End XCBuildConfiguration section */

/* Begin XCConfigurationList section */
		A587D6922C25AFD600096F4B /* Build configuration list for PBXProject "StarWar" */ = {
			isa = XCConfigurationList;
			buildConfigurations = (
				A587D6A32C25AFD700096F4B /* Debug */,
				A587D6A42C25AFD700096F4B /* Release */,
			);
			defaultConfigurationIsVisible = 0;
			defaultConfigurationName = Release;
		};
		A587D6A52C25AFD700096F4B /* Build configuration list for PBXNativeTarget "StarWar" */ = {
			isa = XCConfigurationList;
			buildConfigurations = (
				A587D6A62C25AFD700096F4B /* Debug */,
				A587D6A72C25AFD700096F4B /* Release */,
			);
			defaultConfigurationIsVisible = 0;
			defaultConfigurationName = Release;
		};
/* End XCConfigurationList section */
	};
	rootObject = A587D68F2C25AFD600096F4B /* Project object */;
}
